
Microsoft Visual Studio Solution File, Format Version 12.00
# Visual Studio Version 17
VisualStudioVersion = 17.7.34221.43
MinimumVisualStudioVersion = 10.0.40219.1
Project("{FAE04EC0-301F-11D3-BF4B-00C04F79EFBC}") = "REnoexecuter", "REnoexecuter\REnoexecuter.csproj", "{1E765A74-4D1D-483F-94A6-9E1A9DED5140}"
EndProject
Global
	GlobalSection(SolutionConfigurationPlatforms) = preSolution
		Debug|Any CPU = Debug|Any CPU
		Release|Any CPU = Release|Any CPU
	EndGlobalSection
	GlobalSection(ProjectConfigurationPlatforms) = postSolution
		{1E765A74-4D1D-483F-94A6-9E1A9DED5140}.Debug|Any CPU.ActiveCfg = Debug|Any CPU
		{1E765A74-4D1D-483F-94A6-9E1A9DED5140}.Debug|Any CPU.Build.0 = Debug|Any CPU
		{1E765A74-4D1D-483F-94A6-9E1A9DED5140}.Release|Any CPU.ActiveCfg = Release|Any CPU
		{1E765A74-4D1D-483F-94A6-9E1A9DED5140}.Release|Any CPU.Build.0 = Release|Any CPU
	EndGlobalSection
	GlobalSection(SolutionProperties) = preSolution
		HideSolutionNode = FALSE
	EndGlobalSection
	GlobalSection(ExtensibilityGlobals) = postSolution
		SolutionGuid = {0D629594-1A75-480E-AD51-ADB05CC29617}
	EndGlobalSection
EndGlobal
